// !$*UTF8*$!
{
	archiveVersion = 1;
	classes = {
	};
	objectVersion = 56;
	objects = {

/* Begin PBXBuildFile section */
		9EBD892F58139D434E6B7A53 /* Pods_Instagram.framework in Frameworks */ = {isa = PBXBuildFile; fileRef = 68FE3262F522172AB639F062 /* Pods_Instagram.framework */; };
		C01299452B20AD6A00011865 /* TabBarController.swift in Sources */ = {isa = PBXBuildFile; fileRef = C01299442B20AD6A00011865 /* TabBarController.swift */; };
		C01299472B22D01300011865 /* GoogleService-Info.plist in Resources */ = {isa = PBXBuildFile; fileRef = C01299462B22D01200011865 /* GoogleService-Info.plist */; };
		C02C70072B184CF20015C2E9 /* AppDelegate.swift in Sources */ = {isa = PBXBuildFile; fileRef = C02C70062B184CF20015C2E9 /* AppDelegate.swift */; };
		C02C70092B184CF20015C2E9 /* SceneDelegate.swift in Sources */ = {isa = PBXBuildFile; fileRef = C02C70082B184CF20015C2E9 /* SceneDelegate.swift */; };
		C02C700E2B184CF20015C2E9 /* Main.storyboard in Resources */ = {isa = PBXBuildFile; fileRef = C02C700C2B184CF20015C2E9 /* Main.storyboard */; };
		C02C70102B184CF90015C2E9 /* Assets.xcassets in Resources */ = {isa = PBXBuildFile; fileRef = C02C700F2B184CF90015C2E9 /* Assets.xcassets */; };
		C02C70132B184CF90015C2E9 /* LaunchScreen.storyboard in Resources */ = {isa = PBXBuildFile; fileRef = C02C70112B184CF90015C2E9 /* LaunchScreen.storyboard */; };
		C02C70252B1851CD0015C2E9 /* LoginViewController.swift in Sources */ = {isa = PBXBuildFile; fileRef = C02C70242B1851CD0015C2E9 /* LoginViewController.swift */; };
		C02C70272B1851E80015C2E9 /* HomeViewController.swift in Sources */ = {isa = PBXBuildFile; fileRef = C02C70262B1851E80015C2E9 /* HomeViewController.swift */; };
		C02C70292B1852020015C2E9 /* ImageSelectViewController.swift in Sources */ = {isa = PBXBuildFile; fileRef = C02C70282B1852020015C2E9 /* ImageSelectViewController.swift */; };
		C02C702B2B1852220015C2E9 /* PostViewController.swift in Sources */ = {isa = PBXBuildFile; fileRef = C02C702A2B1852220015C2E9 /* PostViewController.swift */; };
		C02C702D2B1852400015C2E9 /* SettingViewController.swift in Sources */ = {isa = PBXBuildFile; fileRef = C02C702C2B1852400015C2E9 /* SettingViewController.swift */; };
		C0BE7AFC2B28296900092028 /* Const.swift in Sources */ = {isa = PBXBuildFile; fileRef = C0BE7AFB2B28296900092028 /* Const.swift */; };
		C0BE7AFE2B2838A700092028 /* PostData.swift in Sources */ = {isa = PBXBuildFile; fileRef = C0BE7AFD2B2838A700092028 /* PostData.swift */; };
		C0BE7B012B28397100092028 /* PostTableViewCell.swift in Sources */ = {isa = PBXBuildFile; fileRef = C0BE7AFF2B28397000092028 /* PostTableViewCell.swift */; };
		C0BE7B022B28397100092028 /* PostTableViewCell.xib in Resources */ = {isa = PBXBuildFile; fileRef = C0BE7B002B28397000092028 /* PostTableViewCell.xib */; };
		C0BE7B082B2C425100092028 /* CommentViewController.swift in Sources */ = {isa = PBXBuildFile; fileRef = C0BE7B072B2C425100092028 /* CommentViewController.swift */; };
/* End PBXBuildFile section */

/* Begin PBXFileReference section */
		68FE3262F522172AB639F062 /* Pods_Instagram.framework */ = {isa = PBXFileReference; explicitFileType = wrapper.framework; includeInIndex = 0; path = Pods_Instagram.framework; sourceTree = BUILT_PRODUCTS_DIR; };
		AC50F181CFECFC7E0CEF544A /* Pods-Instagram.release.xcconfig */ = {isa = PBXFileReference; includeInIndex = 1; lastKnownFileType = text.xcconfig; name = "Pods-Instagram.release.xcconfig"; path = "Target Support Files/Pods-Instagram/Pods-Instagram.release.xcconfig"; sourceTree = "<group>"; };
		C01299442B20AD6A00011865 /* TabBarController.swift */ = {isa = PBXFileReference; lastKnownFileType = sourcecode.swift; path = TabBarController.swift; sourceTree = "<group>"; };
		C01299462B22D01200011865 /* GoogleService-Info.plist */ = {isa = PBXFileReference; fileEncoding = 4; lastKnownFileType = text.plist.xml; path = "GoogleService-Info.plist"; sourceTree = "<group>"; };
		C02C70032B184CF10015C2E9 /* Instagram.app */ = {isa = PBXFileReference; explicitFileType = wrapper.application; includeInIndex = 0; path = Instagram.app; sourceTree = BUILT_PRODUCTS_DIR; };
		C02C70062B184CF20015C2E9 /* AppDelegate.swift */ = {isa = PBXFileReference; lastKnownFileType = sourcecode.swift; path = AppDelegate.swift; sourceTree = "<group>"; };
		C02C70082B184CF20015C2E9 /* SceneDelegate.swift */ = {isa = PBXFileReference; lastKnownFileType = sourcecode.swift; path = SceneDelegate.swift; sourceTree = "<group>"; };
		C02C700D2B184CF20015C2E9 /* Base */ = {isa = PBXFileReference; lastKnownFileType = file.storyboard; name = Base; path = Base.lproj/Main.storyboard; sourceTree = "<group>"; };
		C02C700F2B184CF90015C2E9 /* Assets.xcassets */ = {isa = PBXFileReference; lastKnownFileType = folder.assetcatalog; path = Assets.xcassets; sourceTree = "<group>"; };
		C02C70122B184CF90015C2E9 /* Base */ = {isa = PBXFileReference; lastKnownFileType = file.storyboard; name = Base; path = Base.lproj/LaunchScreen.storyboard; sourceTree = "<group>"; };
		C02C70142B184CF90015C2E9 /* Info.plist */ = {isa = PBXFileReference; lastKnownFileType = text.plist.xml; path = Info.plist; sourceTree = "<group>"; };
		C02C70242B1851CD0015C2E9 /* LoginViewController.swift */ = {isa = PBXFileReference; lastKnownFileType = sourcecode.swift; path = LoginViewController.swift; sourceTree = "<group>"; };
		C02C70262B1851E80015C2E9 /* HomeViewController.swift */ = {isa = PBXFileReference; lastKnownFileType = sourcecode.swift; path = HomeViewController.swift; sourceTree = "<group>"; };
		C02C70282B1852020015C2E9 /* ImageSelectViewController.swift */ = {isa = PBXFileReference; lastKnownFileType = sourcecode.swift; path = ImageSelectViewController.swift; sourceTree = "<group>"; };
		C02C702A2B1852220015C2E9 /* PostViewController.swift */ = {isa = PBXFileReference; lastKnownFileType = sourcecode.swift; path = PostViewController.swift; sourceTree = "<group>"; };
		C02C702C2B1852400015C2E9 /* SettingViewController.swift */ = {isa = PBXFileReference; lastKnownFileType = sourcecode.swift; path = SettingViewController.swift; sourceTree = "<group>"; };
		C0BE7AFB2B28296900092028 /* Const.swift */ = {isa = PBXFileReference; lastKnownFileType = sourcecode.swift; path = Const.swift; sourceTree = "<group>"; };
		C0BE7AFD2B2838A700092028 /* PostData.swift */ = {isa = PBXFileReference; lastKnownFileType = sourcecode.swift; path = PostData.swift; sourceTree = "<group>"; };
		C0BE7AFF2B28397000092028 /* PostTableViewCell.swift */ = {isa = PBXFileReference; lastKnownFileType = sourcecode.swift; path = PostTableViewCell.swift; sourceTree = "<group>"; };
		C0BE7B002B28397000092028 /* PostTableViewCell.xib */ = {isa = PBXFileReference; lastKnownFileType = file.xib; path = PostTableViewCell.xib; sourceTree = "<group>"; };
		C0BE7B072B2C425100092028 /* CommentViewController.swift */ = {isa = PBXFileReference; lastKnownFileType = sourcecode.swift; path = CommentViewController.swift; sourceTree = "<group>"; };
		C74AD057480C0C2AD85D1913 /* Pods-Instagram.debug.xcconfig */ = {isa = PBXFileReference; includeInIndex = 1; lastKnownFileType = text.xcconfig; name = "Pods-Instagram.debug.xcconfig"; path = "Target Support Files/Pods-Instagram/Pods-Instagram.debug.xcconfig"; sourceTree = "<group>"; };
/* End PBXFileReference section */

/* Begin PBXFrameworksBuildPhase section */
		C02C70002B184CF10015C2E9 /* Frameworks */ = {
			isa = PBXFrameworksBuildPhase;
			buildActionMask = 2147483647;
			files = (
				9EBD892F58139D434E6B7A53 /* Pods_Instagram.framework in Frameworks */,
			);
			runOnlyForDeploymentPostprocessing = 0;
		};
/* End PBXFrameworksBuildPhase section */

/* Begin PBXGroup section */
		6D9D71C6C91CE9201179E75B /* Pods */ = {
			isa = PBXGroup;
			children = (
				C74AD057480C0C2AD85D1913 /* Pods-Instagram.debug.xcconfig */,
				AC50F181CFECFC7E0CEF544A /* Pods-Instagram.release.xcconfig */,
			);
			path = Pods;
			sourceTree = "<group>";
		};
		ACA4DF94930E28552B7DF7F7 /* Frameworks */ = {
			isa = PBXGroup;
			children = (
				68FE3262F522172AB639F062 /* Pods_Instagram.framework */,
			);
			name = Frameworks;
			sourceTree = "<group>";
		};
		C02C6FFA2B184CF10015C2E9 = {
			isa = PBXGroup;
			children = (
				C02C70052B184CF10015C2E9 /* Instagram */,
				C02C70042B184CF10015C2E9 /* Products */,
				6D9D71C6C91CE9201179E75B /* Pods */,
				ACA4DF94930E28552B7DF7F7 /* Frameworks */,
			);
			sourceTree = "<group>";
		};
		C02C70042B184CF10015C2E9 /* Products */ = {
			isa = PBXGroup;
			children = (
				C02C70032B184CF10015C2E9 /* Instagram.app */,
			);
			name = Products;
			sourceTree = "<group>";
		};
		C02C70052B184CF10015C2E9 /* Instagram */ = {
			isa = PBXGroup;
			children = (
				C02C70062B184CF20015C2E9 /* AppDelegate.swift */,
				C02C70082B184CF20015C2E9 /* SceneDelegate.swift */,
				C02C702C2B1852400015C2E9 /* SettingViewController.swift */,
				C02C702A2B1852220015C2E9 /* PostViewController.swift */,
				C02C70282B1852020015C2E9 /* ImageSelectViewController.swift */,
				C02C70262B1851E80015C2E9 /* HomeViewController.swift */,
				C02C70242B1851CD0015C2E9 /* LoginViewController.swift */,
				C02C700C2B184CF20015C2E9 /* Main.storyboard */,
				C0BE7B072B2C425100092028 /* CommentViewController.swift */,
				C0BE7AFF2B28397000092028 /* PostTableViewCell.swift */,
				C0BE7B002B28397000092028 /* PostTableViewCell.xib */,
				C0BE7AFD2B2838A700092028 /* PostData.swift */,
				C0BE7AFB2B28296900092028 /* Const.swift */,
				C01299442B20AD6A00011865 /* TabBarController.swift */,
				C02C700F2B184CF90015C2E9 /* Assets.xcassets */,
				C02C70112B184CF90015C2E9 /* LaunchScreen.storyboard */,
				C02C70142B184CF90015C2E9 /* Info.plist */,
				C01299462B22D01200011865 /* GoogleService-Info.plist */,
			);
			path = Instagram;
			sourceTree = "<group>";
		};
/* End PBXGroup section */

/* Begin PBXNativeTarget section */
		C02C70022B184CF10015C2E9 /* Instagram */ = {
			isa = PBXNativeTarget;
			buildConfigurationList = C02C70172B184CF90015C2E9 /* Build configuration list for PBXNativeTarget "Instagram" */;
			buildPhases = (
				ED2CF316EBA8A34DB4F5D368 /* [CP] Check Pods Manifest.lock */,
				C02C6FFF2B184CF10015C2E9 /* Sources */,
				C02C70002B184CF10015C2E9 /* Frameworks */,
				C02C70012B184CF10015C2E9 /* Resources */,
				8FE6980FD82104884C8CEC00 /* [CP] Embed Pods Frameworks */,
			);
			buildRules = (
			);
			dependencies = (
			);
			name = Instagram;
			productName = Instagram;
			productReference = C02C70032B184CF10015C2E9 /* Instagram.app */;
			productType = "com.apple.product-type.application";
		};
/* End PBXNativeTarget section */

/* Begin PBXProject section */
		C02C6FFB2B184CF10015C2E9 /* Project object */ = {
			isa = PBXProject;
			attributes = {
				BuildIndependentTargetsInParallel = 1;
				LastSwiftUpdateCheck = 1410;
				LastUpgradeCheck = 1410;
				TargetAttributes = {
					C02C70022B184CF10015C2E9 = {
						CreatedOnToolsVersion = 14.1;
					};
				};
			};
			buildConfigurationList = C02C6FFE2B184CF10015C2E9 /* Build configuration list for PBXProject "Instagram" */;
			compatibilityVersion = "Xcode 14.0";
			developmentRegion = en;
			hasScannedForEncodings = 0;
			knownRegions = (
				en,
				Base,
			);
			mainGroup = C02C6FFA2B184CF10015C2E9;
			productRefGroup = C02C70042B184CF10015C2E9 /* Products */;
			projectDirPath = "";
			projectRoot = "";
			targets = (
				C02C70022B184CF10015C2E9 /* Instagram */,
			);
		};
/* End PBXProject section */

/* Begin PBXResourcesBuildPhase section */
		C02C70012B184CF10015C2E9 /* Resources */ = {
			isa = PBXResourcesBuildPhase;
			buildActionMask = 2147483647;
			files = (
				C02C70132B184CF90015C2E9 /* LaunchScreen.storyboard in Resources */,
				C0BE7B022B28397100092028 /* PostTableViewCell.xib in Resources */,
				C01299472B22D01300011865 /* GoogleService-Info.plist in Resources */,
				C02C70102B184CF90015C2E9 /* Assets.xcassets in Resources */,
				C02C700E2B184CF20015C2E9 /* Main.storyboard in Resources */,
			);
			runOnlyForDeploymentPostprocessing = 0;
		};
/* End PBXResourcesBuildPhase section */

/* Begin PBXShellScriptBuildPhase section */
		8FE6980FD82104884C8CEC00 /* [CP] Embed Pods Frameworks */ = {
			isa = PBXShellScriptBuildPhase;
			buildActionMask = 2147483647;
			files = (
			);
			inputFileListPaths = (
				"${PODS_ROOT}/Target Support Files/Pods-Instagram/Pods-Instagram-frameworks-${CONFIGURATION}-input-files.xcfilelist",
			);
			name = "[CP] Embed Pods Frameworks";
			outputFileListPaths = (
				"${PODS_ROOT}/Target Support Files/Pods-Instagram/Pods-Instagram-frameworks-${CONFIGURATION}-output-files.xcfilelist",
			);
			runOnlyForDeploymentPostprocessing = 0;
			shellPath = /bin/sh;
			shellScript = "\"${PODS_ROOT}/Target Support Files/Pods-Instagram/Pods-Instagram-frameworks.sh\"\n";
			showEnvVarsInLog = 0;
		};
		ED2CF316EBA8A34DB4F5D368 /* [CP] Check Pods Manifest.lock */ = {
			isa = PBXShellScriptBuildPhase;
			buildActionMask = 2147483647;
			files = (
			);
			inputFileListPaths = (
			);
			inputPaths = (
				"${PODS_PODFILE_DIR_PATH}/Podfile.lock",
				"${PODS_ROOT}/Manifest.lock",
			);
			name = "[CP] Check Pods Manifest.lock";
			outputFileListPaths = (
			);
			outputPaths = (
				"$(DERIVED_FILE_DIR)/Pods-Instagram-checkManifestLockResult.txt",
			);
			runOnlyForDeploymentPostprocessing = 0;
			shellPath = /bin/sh;
			shellScript = "diff \"${PODS_PODFILE_DIR_PATH}/Podfile.lock\" \"${PODS_ROOT}/Manifest.lock\" > /dev/null\nif [ $? != 0 ] ; then\n    # print error to STDERR\n    echo \"error: The sandbox is not in sync with the Podfile.lock. Run 'pod install' or update your CocoaPods installation.\" >&2\n    exit 1\nfi\n# This output is used by Xcode 'outputs' to avoid re-running this script phase.\necho \"SUCCESS\" > \"${SCRIPT_OUTPUT_FILE_0}\"\n";
			showEnvVarsInLog = 0;
		};
/* End PBXShellScriptBuildPhase section */

/* Begin PBXSourcesBuildPhase section */
		C02C6FFF2B184CF10015C2E9 /* Sources */ = {
			isa = PBXSourcesBuildPhase;
			buildActionMask = 2147483647;
			files = (
				C0BE7B012B28397100092028 /* PostTableViewCell.swift in Sources */,
				C02C70292B1852020015C2E9 /* ImageSelectViewController.swift in Sources */,
				C01299452B20AD6A00011865 /* TabBarController.swift in Sources */,
				C02C70272B1851E80015C2E9 /* HomeViewController.swift in Sources */,
				C02C702B2B1852220015C2E9 /* PostViewController.swift in Sources */,
				C02C702D2B1852400015C2E9 /* SettingViewController.swift in Sources */,
				C0BE7AFE2B2838A700092028 /* PostData.swift in Sources */,
				C02C70252B1851CD0015C2E9 /* LoginViewController.swift in Sources */,
				C0BE7B082B2C425100092028 /* CommentViewController.swift in Sources */,
				C02C70072B184CF20015C2E9 /* AppDelegate.swift in Sources */,
				C02C70092B184CF20015C2E9 /* SceneDelegate.swift in Sources */,
				C0BE7AFC2B28296900092028 /* Const.swift in Sources */,
			);
			runOnlyForDeploymentPostprocessing = 0;
		};
/* End PBXSourcesBuildPhase section */

/* Begin PBXVariantGroup section */
		C02C700C2B184CF20015C2E9 /* Main.storyboard */ = {
			isa = PBXVariantGroup;
			children = (
				C02C700D2B184CF20015C2E9 /* Base */,
			);
			name = Main.storyboard;
			sourceTree = "<group>";
		};
		C02C70112B184CF90015C2E9 /* LaunchScreen.storyboard */ = {
			isa = PBXVariantGroup;
			children = (
				C02C70122B184CF90015C2E9 /* Base */,
			);
			name = LaunchScreen.storyboard;
			sourceTree = "<group>";
		};
/* End PBXVariantGroup section */

/* Begin XCBuildConfiguration section */
		C02C70152B184CF90015C2E9 /* Debug */ = {
			isa = XCBuildConfiguration;
			buildSettings = {
				ALWAYS_SEARCH_USER_PATHS = NO;
				CLANG_ANALYZER_NONNULL = YES;
				CLANG_ANALYZER_NUMBER_OBJECT_CONVERSION = YES_AGGRESSIVE;
				CLANG_CXX_LANGUAGE_STANDARD = "gnu++20";
				CLANG_ENABLE_MODULES = YES;
				CLANG_ENABLE_OBJC_ARC = YES;
				CLANG_ENABLE_OBJC_WEAK = YES;
				CLANG_WARN_BLOCK_CAPTURE_AUTORELEASING = YES;
				CLANG_WARN_BOOL_CONVERSION = YES;
				CLANG_WARN_COMMA = YES;
				CLANG_WARN_CONSTANT_CONVERSION = YES;
				CLANG_WARN_DEPRECATED_OBJC_IMPLEMENTATIONS = YES;
				CLANG_WARN_DIRECT_OBJC_ISA_USAGE = YES_ERROR;
				CLANG_WARN_DOCUMENTATION_COMMENTS = YES;
				CLANG_WARN_EMPTY_BODY = YES;
				CLANG_WARN_ENUM_CONVERSION = YES;
				CLANG_WARN_INFINITE_RECURSION = YES;
				CLANG_WARN_INT_CONVERSION = YES;
				CLANG_WARN_NON_LITERAL_NULL_CONVERSION = YES;
				CLANG_WARN_OBJC_IMPLICIT_RETAIN_SELF = YES;
				CLANG_WARN_OBJC_LITERAL_CONVERSION = YES;
				CLANG_WARN_OBJC_ROOT_CLASS = YES_ERROR;
				CLANG_WARN_QUOTED_INCLUDE_IN_FRAMEWORK_HEADER = YES;
				CLANG_WARN_RANGE_LOOP_ANALYSIS = YES;
				CLANG_WARN_STRICT_PROTOTYPES = YES;
				CLANG_WARN_SUSPICIOUS_MOVE = YES;
				CLANG_WARN_UNGUARDED_AVAILABILITY = YES_AGGRESSIVE;
				CLANG_WARN_UNREACHABLE_CODE = YES;
				CLANG_WARN__DUPLICATE_METHOD_MATCH = YES;
				COPY_PHASE_STRIP = NO;
				DEBUG_INFORMATION_FORMAT = dwarf;
				ENABLE_STRICT_OBJC_MSGSEND = YES;
				ENABLE_TESTABILITY = YES;
				GCC_C_LANGUAGE_STANDARD = gnu11;
				GCC_DYNAMIC_NO_PIC = NO;
				GCC_NO_COMMON_BLOCKS = YES;
				GCC_OPTIMIZATION_LEVEL = 0;
				GCC_PREPROCESSOR_DEFINITIONS = (
					"DEBUG=1",
					"$(inherited)",
				);
				GCC_WARN_64_TO_32_BIT_CONVERSION = YES;
				GCC_WARN_ABOUT_RETURN_TYPE = YES_ERROR;
				GCC_WARN_UNDECLARED_SELECTOR = YES;
				GCC_WARN_UNINITIALIZED_AUTOS = YES_AGGRESSIVE;
				GCC_WARN_UNUSED_FUNCTION = YES;
				GCC_WARN_UNUSED_VARIABLE = YES;
				IPHONEOS_DEPLOYMENT_TARGET = 16.1;
				MTL_ENABLE_DEBUG_INFO = INCLUDE_SOURCE;
				MTL_FAST_MATH = YES;
				ONLY_ACTIVE_ARCH = YES;
				SDKROOT = iphoneos;
				SWIFT_ACTIVE_COMPILATION_CONDITIONS = DEBUG;
				SWIFT_OPTIMIZATION_LEVEL = "-Onone";
			};
			name = Debug;
		};
		C02C70162B184CF90015C2E9 /* Release */ = {
			isa = XCBuildConfiguration;
			buildSettings = {
				ALWAYS_SEARCH_USER_PATHS = NO;
				CLANG_ANALYZER_NONNULL = YES;
				CLANG_ANALYZER_NUMBER_OBJECT_CONVERSION = YES_AGGRESSIVE;
				CLANG_CXX_LANGUAGE_STANDARD = "gnu++20";
				CLANG_ENABLE_MODULES = YES;
				CLANG_ENABLE_OBJC_ARC = YES;
				CLANG_ENABLE_OBJC_WEAK = YES;
				CLANG_WARN_BLOCK_CAPTURE_AUTORELEASING = YES;
				CLANG_WARN_BOOL_CONVERSION = YES;
				CLANG_WARN_COMMA = YES;
				CLANG_WARN_CONSTANT_CONVERSION = YES;
				CLANG_WARN_DEPRECATED_OBJC_IMPLEMENTATIONS = YES;
				CLANG_WARN_DIRECT_OBJC_ISA_USAGE = YES_ERROR;
				CLANG_WARN_DOCUMENTATION_COMMENTS = YES;
				CLANG_WARN_EMPTY_BODY = YES;
				CLANG_WARN_ENUM_CONVERSION = YES;
				CLANG_WARN_INFINITE_RECURSION = YES;
				CLANG_WARN_INT_CONVERSION = YES;
				CLANG_WARN_NON_LITERAL_NULL_CONVERSION = YES;
				CLANG_WARN_OBJC_IMPLICIT_RETAIN_SELF = YES;
				CLANG_WARN_OBJC_LITERAL_CONVERSION = YES;
				CLANG_WARN_OBJC_ROOT_CLASS = YES_ERROR;
				CLANG_WARN_QUOTED_INCLUDE_IN_FRAMEWORK_HEADER = YES;
				CLANG_WARN_RANGE_LOOP_ANALYSIS = YES;
				CLANG_WARN_STRICT_PROTOTYPES = YES;
				CLANG_WARN_SUSPICIOUS_MOVE = YES;
				CLANG_WARN_UNGUARDED_AVAILABILITY = YES_AGGRESSIVE;
				CLANG_WARN_UNREACHABLE_CODE = YES;
				CLANG_WARN__DUPLICATE_METHOD_MATCH = YES;
				COPY_PHASE_STRIP = NO;
				DEBUG_INFORMATION_FORMAT = "dwarf-with-dsym";
				ENABLE_NS_ASSERTIONS = NO;
				ENABLE_STRICT_OBJC_MSGSEND = YES;
				GCC_C_LANGUAGE_STANDARD = gnu11;
				GCC_NO_COMMON_BLOCKS = YES;
				GCC_WARN_64_TO_32_BIT_CONVERSION = YES;
				GCC_WARN_ABOUT_RETURN_TYPE = YES_ERROR;
				GCC_WARN_UNDECLARED_SELECTOR = YES;
				GCC_WARN_UNINITIALIZED_AUTOS = YES_AGGRESSIVE;
				GCC_WARN_UNUSED_FUNCTION = YES;
				GCC_WARN_UNUSED_VARIABLE = YES;
				IPHONEOS_DEPLOYMENT_TARGET = 16.1;
				MTL_ENABLE_DEBUG_INFO = NO;
				MTL_FAST_MATH = YES;
				SDKROOT = iphoneos;
				SWIFT_COMPILATION_MODE = wholemodule;
				SWIFT_OPTIMIZATION_LEVEL = "-O";
				VALIDATE_PRODUCT = YES;
			};
			name = Release;
		};
		C02C70182B184CF90015C2E9 /* Debug */ = {
			isa = XCBuildConfiguration;
			baseConfigurationReference = C74AD057480C0C2AD85D1913 /* Pods-Instagram.debug.xcconfig */;
			buildSettings = {
				ASSETCATALOG_COMPILER_APPICON_NAME = AppIcon;
				ASSETCATALOG_COMPILER_GLOBAL_ACCENT_COLOR_NAME = AccentColor;
				CODE_SIGN_STYLE = Automatic;
				CURRENT_PROJECT_VERSION = 1;
				DEVELOPMENT_TEAM = D9TQNFM5HU;
				GENERATE_INFOPLIST_FILE = YES;
				INFOPLIST_FILE = Instagram/Info.plist;
				INFOPLIST_KEY_NSCameraUsageDescription = "本アプリは、画像の投稿及び編集のため、カメラの使用許可を求めます。";
				INFOPLIST_KEY_UIApplicationSupportsIndirectInputEvents = YES;
				INFOPLIST_KEY_UILaunchStoryboardName = LaunchScreen;
				INFOPLIST_KEY_UIMainStoryboardFile = Main;
				INFOPLIST_KEY_UISupportedInterfaceOrientations = UIInterfaceOrientationPortrait;
				INFOPLIST_KEY_UISupportedInterfaceOrientations_iPad = "UIInterfaceOrientationLandscapeLeft UIInterfaceOrientationLandscapeRight UIInterfaceOrientationPortrait UIInterfaceOrientationPortraitUpsideDown";
				LD_RUNPATH_SEARCH_PATHS = (
					"$(inherited)",
					"@executable_path/Frameworks",
				);
				MARKETING_VERSION = 1.0;
				PRODUCT_BUNDLE_IDENTIFIER = jp.techacademy.maaya.maruyama.Instagram;
				PRODUCT_NAME = "$(TARGET_NAME)";
				SUPPORTED_PLATFORMS = "iphoneos iphonesimulator";
				SUPPORTS_MACCATALYST = NO;
				SUPPORTS_MAC_DESIGNED_FOR_IPHONE_IPAD = NO;
				SWIFT_EMIT_LOC_STRINGS = YES;
				SWIFT_VERSION = 5.0;
				TARGETED_DEVICE_FAMILY = 1;
			};
			name = Debug;
		};
		C02C70192B184CF90015C2E9 /* Release */ = {
			isa = XCBuildConfiguration;
			baseConfigurationReference = AC50F181CFECFC7E0CEF544A /* Pods-Instagram.release.xcconfig */;
			buildSettings = {
				ASSETCATALOG_COMPILER_APPICON_NAME = AppIcon;
				ASSETCATALOG_COMPILER_GLOBAL_ACCENT_COLOR_NAME = AccentColor;
				CODE_SIGN_STYLE = Automatic;
				CURRENT_PROJECT_VERSION = 1;
				DEVELOPMENT_TEAM = D9TQNFM5HU;
				GENERATE_INFOPLIST_FILE = YES;
				INFOPLIST_FILE = Instagram/Info.plist;
				INFOPLIST_KEY_NSCameraUsageDescription = "本アプリは、画像の投稿及び編集のため、カメラの使用許可を求めます。";
				INFOPLIST_KEY_UIApplicationSupportsIndirectInputEvents = YES;
				INFOPLIST_KEY_UILaunchStoryboardName = LaunchScreen;
				INFOPLIST_KEY_UIMainStoryboardFile = Main;
				INFOPLIST_KEY_UISupportedInterfaceOrientations = UIInterfaceOrientationPortrait;
				INFOPLIST_KEY_UISupportedInterfaceOrientations_iPad = "UIInterfaceOrientationLandscapeLeft UIInterfaceOrientationLandscapeRight UIInterfaceOrientationPortrait UIInterfaceOrientationPortraitUpsideDown";
				LD_RUNPATH_SEARCH_PATHS = (
					"$(inherited)",
					"@executable_path/Frameworks",
				);
				MARKETING_VERSION = 1.0;
				PRODUCT_BUNDLE_IDENTIFIER = jp.techacademy.maaya.maruyama.Instagram;
				PRODUCT_NAME = "$(TARGET_NAME)";
				SUPPORTED_PLATFORMS = "iphoneos iphonesimulator";
				SUPPORTS_MACCATALYST = NO;
				SUPPORTS_MAC_DESIGNED_FOR_IPHONE_IPAD = NO;
				SWIFT_EMIT_LOC_STRINGS = YES;
				SWIFT_VERSION = 5.0;
				TARGETED_DEVICE_FAMILY = 1;
			};
			name = Release;
		};
/* End XCBuildConfiguration section */

/* Begin XCConfigurationList section */
		C02C6FFE2B184CF10015C2E9 /* Build configuration list for PBXProject "Instagram" */ = {
			isa = XCConfigurationList;
			buildConfigurations = (
				C02C70152B184CF90015C2E9 /* Debug */,
				C02C70162B184CF90015C2E9 /* Release */,
			);
			defaultConfigurationIsVisible = 0;
			defaultConfigurationName = Release;
		};
		C02C70172B184CF90015C2E9 /* Build configuration list for PBXNativeTarget "Instagram" */ = {
			isa = XCConfigurationList;
			buildConfigurations = (
				C02C70182B184CF90015C2E9 /* Debug */,
				C02C70192B184CF90015C2E9 /* Release */,
			);
			defaultConfigurationIsVisible = 0;
			defaultConfigurationName = Release;
		};
/* End XCConfigurationList section */
	};
	rootObject = C02C6FFB2B184CF10015C2E9 /* Project object */;
}
